
Microsoft Visual Studio Solution File, Format Version 12.00
# Visual Studio 15
VisualStudioVersion = 15.0.28307.168
MinimumVisualStudioVersion = 10.0.40219.1
Project("{FAE04EC0-301F-11D3-BF4B-00C04F79EFBC}") = "MinhaApi.Api", "MinhaApi.Api\MinhaApi.Api.csproj", "{B77D4D2F-3FA0-41FA-A7CD-158C12E29AD5}"
EndProject
Project("{2150E333-8FDC-42A3-9474-1A3956D46DE8}") = "Dominio", "Dominio", "{0CD4A78A-47CE-4255-B69A-C15DEC8DC9C0}"
EndProject
Project("{FAE04EC0-301F-11D3-BF4B-00C04F79EFBC}") = "MinhaApi.Dominio", "MinhaApi.Dominio\MinhaApi.Dominio.csproj", "{331F80BD-9788-4C09-9EC8-BCF893AFC607}"
EndProject
Project("{2150E333-8FDC-42A3-9474-1A3956D46DE8}") = "AcessoDados", "AcessoDados", "{759FDA97-55D9-4557-9B62-17AAE01D6115}"
EndProject
Project("{FAE04EC0-301F-11D3-BF4B-00C04F79EFBC}") = "MinhaApi.AcessoDados.Entity", "MinhaApi.AcessoDados.Entity\MinhaApi.AcessoDados.Entity.csproj", "{99D668D1-C428-4098-979B-01F44F77DEB2}"
EndProject
Project("{2150E333-8FDC-42A3-9474-1A3956D46DE8}") = "Api", "Api", "{22E40ECC-13B7-4CB5-8B72-2A4665CC4030}"
EndProject
Project("{2150E333-8FDC-42A3-9474-1A3956D46DE8}") = "Comum", "Comum", "{B327CAA5-6D02-4C47-98F1-66ED63FECBC3}"
EndProject
Project("{FAE04EC0-301F-11D3-BF4B-00C04F79EFBC}") = "MinhaApi.Comum.Repositorios.Interfaces", "MinhaApi.Comum.Repositorios.Interfaces\MinhaApi.Comum.Repositorios.Interfaces.csproj", "{C0EBBA66-D21E-448B-B5CD-1EF14800091E}"
EndProject
Project("{FAE04EC0-301F-11D3-BF4B-00C04F79EFBC}") = "MinhaApi.Comum.Repositorios.Entity", "MinhaApi.Comum.Repositorios.Entity\MinhaApi.Comum.Repositorios.Entity.csproj", "{24E73822-60C6-4FF1-9825-1512781EED9A}"
EndProject
Project("{FAE04EC0-301F-11D3-BF4B-00C04F79EFBC}") = "MinhaApi.Repositorios.Entity", "MinhaApi.Repositorios.Entity\MinhaApi.Repositorios.Entity.csproj", "{9C9CF833-5ECF-4FE5-BF78-B6D24D8002AA}"
EndProject
Project("{2150E333-8FDC-42A3-9474-1A3956D46DE8}") = "Repositorio", "Repositorio", "{342490A0-F55A-4901-B712-774D70D9CBB0}"
EndProject
Global
	GlobalSection(SolutionConfigurationPlatforms) = preSolution
		Debug|Any CPU = Debug|Any CPU
		Release|Any CPU = Release|Any CPU
	EndGlobalSection
	GlobalSection(ProjectConfigurationPlatforms) = postSolution
		{B77D4D2F-3FA0-41FA-A7CD-158C12E29AD5}.Debug|Any CPU.ActiveCfg = Debug|Any CPU
		{B77D4D2F-3FA0-41FA-A7CD-158C12E29AD5}.Debug|Any CPU.Build.0 = Debug|Any CPU
		{B77D4D2F-3FA0-41FA-A7CD-158C12E29AD5}.Release|Any CPU.ActiveCfg = Release|Any CPU
		{B77D4D2F-3FA0-41FA-A7CD-158C12E29AD5}.Release|Any CPU.Build.0 = Release|Any CPU
		{331F80BD-9788-4C09-9EC8-BCF893AFC607}.Debug|Any CPU.ActiveCfg = Debug|Any CPU
		{331F80BD-9788-4C09-9EC8-BCF893AFC607}.Debug|Any CPU.Build.0 = Debug|Any CPU
		{331F80BD-9788-4C09-9EC8-BCF893AFC607}.Release|Any CPU.ActiveCfg = Release|Any CPU
		{331F80BD-9788-4C09-9EC8-BCF893AFC607}.Release|Any CPU.Build.0 = Release|Any CPU
		{99D668D1-C428-4098-979B-01F44F77DEB2}.Debug|Any CPU.ActiveCfg = Debug|Any CPU
		{99D668D1-C428-4098-979B-01F44F77DEB2}.Debug|Any CPU.Build.0 = Debug|Any CPU
		{99D668D1-C428-4098-979B-01F44F77DEB2}.Release|Any CPU.ActiveCfg = Release|Any CPU
		{99D668D1-C428-4098-979B-01F44F77DEB2}.Release|Any CPU.Build.0 = Release|Any CPU
		{C0EBBA66-D21E-448B-B5CD-1EF14800091E}.Debug|Any CPU.ActiveCfg = Debug|Any CPU
		{C0EBBA66-D21E-448B-B5CD-1EF14800091E}.Debug|Any CPU.Build.0 = Debug|Any CPU
		{C0EBBA66-D21E-448B-B5CD-1EF14800091E}.Release|Any CPU.ActiveCfg = Release|Any CPU
		{C0EBBA66-D21E-448B-B5CD-1EF14800091E}.Release|Any CPU.Build.0 = Release|Any CPU
		{24E73822-60C6-4FF1-9825-1512781EED9A}.Debug|Any CPU.ActiveCfg = Debug|Any CPU
		{24E73822-60C6-4FF1-9825-1512781EED9A}.Debug|Any CPU.Build.0 = Debug|Any CPU
		{24E73822-60C6-4FF1-9825-1512781EED9A}.Release|Any CPU.ActiveCfg = Release|Any CPU
		{24E73822-60C6-4FF1-9825-1512781EED9A}.Release|Any CPU.Build.0 = Release|Any CPU
		{9C9CF833-5ECF-4FE5-BF78-B6D24D8002AA}.Debug|Any CPU.ActiveCfg = Debug|Any CPU
		{9C9CF833-5ECF-4FE5-BF78-B6D24D8002AA}.Debug|Any CPU.Build.0 = Debug|Any CPU
		{9C9CF833-5ECF-4FE5-BF78-B6D24D8002AA}.Release|Any CPU.ActiveCfg = Release|Any CPU
		{9C9CF833-5ECF-4FE5-BF78-B6D24D8002AA}.Release|Any CPU.Build.0 = Release|Any CPU
	EndGlobalSection
	GlobalSection(SolutionProperties) = preSolution
		HideSolutionNode = FALSE
	EndGlobalSection
	GlobalSection(NestedProjects) = preSolution
		{B77D4D2F-3FA0-41FA-A7CD-158C12E29AD5} = {22E40ECC-13B7-4CB5-8B72-2A4665CC4030}
		{331F80BD-9788-4C09-9EC8-BCF893AFC607} = {0CD4A78A-47CE-4255-B69A-C15DEC8DC9C0}
		{99D668D1-C428-4098-979B-01F44F77DEB2} = {759FDA97-55D9-4557-9B62-17AAE01D6115}
		{C0EBBA66-D21E-448B-B5CD-1EF14800091E} = {B327CAA5-6D02-4C47-98F1-66ED63FECBC3}
		{24E73822-60C6-4FF1-9825-1512781EED9A} = {B327CAA5-6D02-4C47-98F1-66ED63FECBC3}
		{9C9CF833-5ECF-4FE5-BF78-B6D24D8002AA} = {342490A0-F55A-4901-B712-774D70D9CBB0}
	EndGlobalSection
	GlobalSection(ExtensibilityGlobals) = postSolution
		SolutionGuid = {C368AD23-C73C-4533-A7E1-1605C0CBA61B}
	EndGlobalSection
EndGlobal
